
Microsoft Visual Studio Solution File, Format Version 12.00
# Visual Studio Version 17
VisualStudioVersion = 17.14.36414.22 d17.14
MinimumVisualStudioVersion = 10.0.40219.1
Project("{FAE04EC0-301F-11D3-BF4B-00C04F79EFBC}") = "SmartInventoryAPI", "SmartInventoryAPI\SmartInventoryAPI.csproj", "{163A15EB-0F1E-4DF1-891B-2958CE041322}"
EndProject
Global
	GlobalSection(SolutionConfigurationPlatforms) = preSolution
		Debug|Any CPU = Debug|Any CPU
		Release|Any CPU = Release|Any CPU
	EndGlobalSection
	GlobalSection(ProjectConfigurationPlatforms) = postSolution
		{163A15EB-0F1E-4DF1-891B-2958CE041322}.Debug|Any CPU.ActiveCfg = Debug|Any CPU
		{163A15EB-0F1E-4DF1-891B-2958CE041322}.Debug|Any CPU.Build.0 = Debug|Any CPU
		{163A15EB-0F1E-4DF1-891B-2958CE041322}.Release|Any CPU.ActiveCfg = Release|Any CPU
		{163A15EB-0F1E-4DF1-891B-2958CE041322}.Release|Any CPU.Build.0 = Release|Any CPU
	EndGlobalSection
	GlobalSection(SolutionProperties) = preSolution
		HideSolutionNode = FALSE
	EndGlobalSection
	GlobalSection(ExtensibilityGlobals) = postSolution
		SolutionGuid = {4A6B6121-2778-42AD-B4F3-C188CEB65D9B}
	EndGlobalSection
EndGlobal
